
Microsoft Visual Studio Solution File, Format Version 12.00
# Visual Studio Version 17
VisualStudioVersion = 17.4.33110.190
MinimumVisualStudioVersion = 10.0.40219.1
Project("{FAE04EC0-301F-11D3-BF4B-00C04F79EFBC}") = "WordsChenger", "WordsChenger.csproj", "{969BF9F7-ED4A-4E82-9E1C-223C126035B2}"
EndProject
Global
	GlobalSection(SolutionConfigurationPlatforms) = preSolution
		Debug|Any CPU = Debug|Any CPU
		Release|Any CPU = Release|Any CPU
	EndGlobalSection
	GlobalSection(ProjectConfigurationPlatforms) = postSolution
		{969BF9F7-ED4A-4E82-9E1C-223C126035B2}.Debug|Any CPU.ActiveCfg = Debug|Any CPU
		{969BF9F7-ED4A-4E82-9E1C-223C126035B2}.Debug|Any CPU.Build.0 = Debug|Any CPU
		{969BF9F7-ED4A-4E82-9E1C-223C126035B2}.Release|Any CPU.ActiveCfg = Release|Any CPU
		{969BF9F7-ED4A-4E82-9E1C-223C126035B2}.Release|Any CPU.Build.0 = Release|Any CPU
	EndGlobalSection
	GlobalSection(SolutionProperties) = preSolution
		HideSolutionNode = FALSE
	EndGlobalSection
	GlobalSection(ExtensibilityGlobals) = postSolution
		SolutionGuid = {EF22380A-D090-4BAE-80DA-423DE653C9A1}
	EndGlobalSection
EndGlobal
